
Microsoft Visual Studio Solution File, Format Version 12.00
# Visual Studio 15
VisualStudioVersion = 15.0.28307.572
MinimumVisualStudioVersion = 10.0.40219.1
Project("{FAE04EC0-301F-11D3-BF4B-00C04F79EFBC}") = "ToDoMVC2", "ToDoMVC2\ToDoMVC2.csproj", "{7553248B-AF3B-492A-9804-FB5D873EA979}"
EndProject
Global
	GlobalSection(SolutionConfigurationPlatforms) = preSolution
		Debug|Any CPU = Debug|Any CPU
		Release|Any CPU = Release|Any CPU
	EndGlobalSection
	GlobalSection(ProjectConfigurationPlatforms) = postSolution
		{7553248B-AF3B-492A-9804-FB5D873EA979}.Debug|Any CPU.ActiveCfg = Debug|Any CPU
		{7553248B-AF3B-492A-9804-FB5D873EA979}.Debug|Any CPU.Build.0 = Debug|Any CPU
		{7553248B-AF3B-492A-9804-FB5D873EA979}.Release|Any CPU.ActiveCfg = Release|Any CPU
		{7553248B-AF3B-492A-9804-FB5D873EA979}.Release|Any CPU.Build.0 = Release|Any CPU
	EndGlobalSection
	GlobalSection(SolutionProperties) = preSolution
		HideSolutionNode = FALSE
	EndGlobalSection
	GlobalSection(ExtensibilityGlobals) = postSolution
		SolutionGuid = {233634B4-EF15-4B83-8379-7913145B01D6}
	EndGlobalSection
EndGlobal
